
Microsoft Visual Studio Solution File, Format Version 12.00
# Visual Studio Version 17
VisualStudioVersion = 17.3.32825.248
MinimumVisualStudioVersion = 10.0.40219.1
Project("{FAE04EC0-301F-11D3-BF4B-00C04F79EFBC}") = "ArthalandPlugins", "ArthalandPlugins\ArthalandPlugins.csproj", "{5B895076-F920-41B9-A3FA-C49D26E71809}"
EndProject
Global
	GlobalSection(SolutionConfigurationPlatforms) = preSolution
		Debug|Any CPU = Debug|Any CPU
		Release|Any CPU = Release|Any CPU
	EndGlobalSection
	GlobalSection(ProjectConfigurationPlatforms) = postSolution
		{5B895076-F920-41B9-A3FA-C49D26E71809}.Debug|Any CPU.ActiveCfg = Debug|Any CPU
		{5B895076-F920-41B9-A3FA-C49D26E71809}.Debug|Any CPU.Build.0 = Debug|Any CPU
		{5B895076-F920-41B9-A3FA-C49D26E71809}.Release|Any CPU.ActiveCfg = Release|Any CPU
		{5B895076-F920-41B9-A3FA-C49D26E71809}.Release|Any CPU.Build.0 = Release|Any CPU
	EndGlobalSection
	GlobalSection(SolutionProperties) = preSolution
		HideSolutionNode = FALSE
	EndGlobalSection
	GlobalSection(ExtensibilityGlobals) = postSolution
		SolutionGuid = {91E20AC5-AFD7-4EFB-A3C1-DA9A5B841133}
	EndGlobalSection
EndGlobal
